
Microsoft Visual Studio Solution File, Format Version 12.00
# Visual Studio Version 17
VisualStudioVersion = 17.9.34607.119
MinimumVisualStudioVersion = 10.0.40219.1
Project("{9A19103F-16F7-4668-BE54-9A1E7A4F7556}") = "Lab1Ex5WON7", "Lab1Ex5\Lab1Ex5WON7.csproj", "{DDA68FB9-922A-48F3-8C3F-B74E453CE71A}"
EndProject
Global
	GlobalSection(SolutionConfigurationPlatforms) = preSolution
		Debug|Any CPU = Debug|Any CPU
		Release|Any CPU = Release|Any CPU
	EndGlobalSection
	GlobalSection(ProjectConfigurationPlatforms) = postSolution
		{DDA68FB9-922A-48F3-8C3F-B74E453CE71A}.Debug|Any CPU.ActiveCfg = Debug|Any CPU
		{DDA68FB9-922A-48F3-8C3F-B74E453CE71A}.Debug|Any CPU.Build.0 = Debug|Any CPU
		{DDA68FB9-922A-48F3-8C3F-B74E453CE71A}.Release|Any CPU.ActiveCfg = Release|Any CPU
		{DDA68FB9-922A-48F3-8C3F-B74E453CE71A}.Release|Any CPU.Build.0 = Release|Any CPU
	EndGlobalSection
	GlobalSection(SolutionProperties) = preSolution
		HideSolutionNode = FALSE
	EndGlobalSection
	GlobalSection(ExtensibilityGlobals) = postSolution
		SolutionGuid = {A6696C0C-88A1-4105-9055-4EC7712ED799}
	EndGlobalSection
EndGlobal
